// !$*UTF8*$!
{
	archiveVersion = 1;
	classes = {
	};
	objectVersion = 46;
	objects = {

/* Begin PBXBuildFile section */
		2763F9AF1D11C5C800BEFAE8 /* questionaire_backgroundBSCI.png in Resources */ = {isa = PBXBuildFile; fileRef = 2763F9AC1D11C5C800BEFAE8 /* questionaire_backgroundBSCI.png */; };
		2763F9B01D11C5C800BEFAE8 /* questionaire_backgroundHAI.png in Resources */ = {isa = PBXBuildFile; fileRef = 2763F9AD1D11C5C800BEFAE8 /* questionaire_backgroundHAI.png */; };
		2763F9B11D11C5C800BEFAE8 /* questionaire_backgroundPhilips.png in Resources */ = {isa = PBXBuildFile; fileRef = 2763F9AE1D11C5C800BEFAE8 /* questionaire_backgroundPhilips.png */; };
		2763F9B41D11CD2C00BEFAE8 /* PQSQuestionList.m in Sources */ = {isa = PBXBuildFile; fileRef = 2763F9B31D11CD2C00BEFAE8 /* PQSQuestionList.m */; };
		276B83971CCA3FF000B9989C /* main.m in Sources */ = {isa = PBXBuildFile; fileRef = 276B83961CCA3FF000B9989C /* main.m */; };
		276B839A1CCA3FF000B9989C /* AppDelegate.m in Sources */ = {isa = PBXBuildFile; fileRef = 276B83991CCA3FF000B9989C /* AppDelegate.m */; };
		276B83A01CCA3FF000B9989C /* Main.storyboard in Resources */ = {isa = PBXBuildFile; fileRef = 276B839E1CCA3FF000B9989C /* Main.storyboard */; };
		276B83A21CCA3FF000B9989C /* Assets.xcassets in Resources */ = {isa = PBXBuildFile; fileRef = 276B83A11CCA3FF000B9989C /* Assets.xcassets */; };
		276B83A51CCA3FF000B9989C /* LaunchScreen.storyboard in Resources */ = {isa = PBXBuildFile; fileRef = 276B83A31CCA3FF000B9989C /* LaunchScreen.storyboard */; };
		276B83B01CCA3FF000B9989C /* Survey_TemplateTests.m in Sources */ = {isa = PBXBuildFile; fileRef = 276B83AF1CCA3FF000B9989C /* Survey_TemplateTests.m */; };
		276B83BB1CCA3FF000B9989C /* Survey_TemplateUITests.m in Sources */ = {isa = PBXBuildFile; fileRef = 276B83BA1CCA3FF000B9989C /* Survey_TemplateUITests.m */; };
		276B83D41CCA400600B9989C /* APNumberButton.m in Sources */ = {isa = PBXBuildFile; fileRef = 276B83CA1CCA400600B9989C /* APNumberButton.m */; };
		276B83D51CCA400600B9989C /* APNumberPad.m in Sources */ = {isa = PBXBuildFile; fileRef = 276B83CC1CCA400600B9989C /* APNumberPad.m */; };
		276B83D61CCA400600B9989C /* APNumberPadDefaultStyle.m in Sources */ = {isa = PBXBuildFile; fileRef = 276B83CE1CCA400600B9989C /* APNumberPadDefaultStyle.m */; };
		276B83D81CCA400600B9989C /* UIFont+AppFonts.m in Sources */ = {isa = PBXBuildFile; fileRef = 276B83D31CCA400600B9989C /* UIFont+AppFonts.m */; };
		276B83DE1CCA401200B9989C /* LICENCE.txt in Resources */ = {isa = PBXBuildFile; fileRef = 276B83DA1CCA401200B9989C /* LICENCE.txt */; };
		276B83DF1CCA401200B9989C /* Reachability.m in Sources */ = {isa = PBXBuildFile; fileRef = 276B83DC1CCA401200B9989C /* Reachability.m */; };
		276B83E01CCA401200B9989C /* README.md in Sources */ = {isa = PBXBuildFile; fileRef = 276B83DD1CCA401200B9989C /* README.md */; };
		276B83E71CCA402F00B9989C /* UIColor+AppColors.m in Sources */ = {isa = PBXBuildFile; fileRef = 276B83E21CCA402F00B9989C /* UIColor+AppColors.m */; };
		276B83E81CCA402F00B9989C /* UIFont+AppFonts.m in Sources */ = {isa = PBXBuildFile; fileRef = 276B83E41CCA402F00B9989C /* UIFont+AppFonts.m */; };
		276B83E91CCA402F00B9989C /* UIFont+Custom.m in Sources */ = {isa = PBXBuildFile; fileRef = 276B83E61CCA402F00B9989C /* UIFont+Custom.m */; };
		276B83EC1CCA403F00B9989C /* apnumberpad_backspace_icon.png in Resources */ = {isa = PBXBuildFile; fileRef = 276B83EA1CCA403F00B9989C /* apnumberpad_backspace_icon.png */; };
		276B83ED1CCA403F00B9989C /* apnumberpad_backspace_icon@2x.png in Resources */ = {isa = PBXBuildFile; fileRef = 276B83EB1CCA403F00B9989C /* apnumberpad_backspace_icon@2x.png */; };
		276B83EF1CCA404800B9989C /* Background Image.png in Resources */ = {isa = PBXBuildFile; fileRef = 276B83EE1CCA404800B9989C /* Background Image.png */; };
		276B83F11CCA405400B9989C /* headerBackground.png in Resources */ = {isa = PBXBuildFile; fileRef = 276B83F01CCA405400B9989C /* headerBackground.png */; };
		276B83F31CCA406900B9989C /* Info.plist in Resources */ = {isa = PBXBuildFile; fileRef = 276B83F21CCA406900B9989C /* Info.plist */; };
		276B83FA1CCA409200B9989C /* MultiSelectSegmentedControl.m in Sources */ = {isa = PBXBuildFile; fileRef = 276B83F51CCA409200B9989C /* MultiSelectSegmentedControl.m */; };
		276B83FB1CCA409200B9989C /* NGAParallaxMotion.m in Sources */ = {isa = PBXBuildFile; fileRef = 276B83F71CCA409200B9989C /* NGAParallaxMotion.m */; };
		276B83FC1CCA409200B9989C /* NSString+AppFunctions.m in Sources */ = {isa = PBXBuildFile; fileRef = 276B83F91CCA409200B9989C /* NSString+AppFunctions.m */; };
		276B84021CCA40C500B9989C /* ViewController.m in Sources */ = {isa = PBXBuildFile; fileRef = 276B84011CCA40C500B9989C /* ViewController.m */; };
		276B84171CCA40D400B9989C /* PQSAlertAction.m in Sources */ = {isa = PBXBuildFile; fileRef = 276B84041CCA40D400B9989C /* PQSAlertAction.m */; };
		276B84181CCA40D400B9989C /* PQSAnswerView.m in Sources */ = {isa = PBXBuildFile; fileRef = 276B84061CCA40D400B9989C /* PQSAnswerView.m */; };
		276B84191CCA40D400B9989C /* PQSLocalSubmitSuccessView.m in Sources */ = {isa = PBXBuildFile; fileRef = 276B84081CCA40D400B9989C /* PQSLocalSubmitSuccessView.m */; };
		276B841A1CCA40D400B9989C /* PQSQuestion.m in Sources */ = {isa = PBXBuildFile; fileRef = 276B840A1CCA40D400B9989C /* PQSQuestion.m */; };
		276B841B1CCA40D400B9989C /* PQSQuestionView.m in Sources */ = {isa = PBXBuildFile; fileRef = 276B840C1CCA40D400B9989C /* PQSQuestionView.m */; };
		276B841C1CCA40D400B9989C /* PQSReferenceManager.m in Sources */ = {isa = PBXBuildFile; fileRef = 276B840E1CCA40D400B9989C /* PQSReferenceManager.m */; };
		276B841D1CCA40D400B9989C /* PQSRemoteSubmissionSuccessView.m in Sources */ = {isa = PBXBuildFile; fileRef = 276B84101CCA40D400B9989C /* PQSRemoteSubmissionSuccessView.m */; };
		276B841E1CCA40D400B9989C /* PQSSegmentedControl.m in Sources */ = {isa = PBXBuildFile; fileRef = 276B84121CCA40D400B9989C /* PQSSegmentedControl.m */; };
		276B841F1CCA40D400B9989C /* PQSTableViewCell.m in Sources */ = {isa = PBXBuildFile; fileRef = 276B84141CCA40D400B9989C /* PQSTableViewCell.m */; };
		276B84201CCA40D400B9989C /* PQSTextInputView.m in Sources */ = {isa = PBXBuildFile; fileRef = 276B84161CCA40D400B9989C /* PQSTextInputView.m */; };
		276B84221CCA410400B9989C /* Default-568h@2x.png in Resources */ = {isa = PBXBuildFile; fileRef = 276B84211CCA410400B9989C /* Default-568h@2x.png */; };
/* End PBXBuildFile section */

/* Begin PBXContainerItemProxy section */
		276B83AC1CCA3FF000B9989C /* PBXContainerItemProxy */ = {
			isa = PBXContainerItemProxy;
			containerPortal = 276B838A1CCA3FF000B9989C /* Project object */;
			proxyType = 1;
			remoteGlobalIDString = 276B83911CCA3FF000B9989C;
			remoteInfo = "Survey Template";
		};
		276B83B71CCA3FF000B9989C /* PBXContainerItemProxy */ = {
			isa = PBXContainerItemProxy;
			containerPortal = 276B838A1CCA3FF000B9989C /* Project object */;
			proxyType = 1;
			remoteGlobalIDString = 276B83911CCA3FF000B9989C;
			remoteInfo = "Survey Template";
		};
/* End PBXContainerItemProxy section */

/* Begin PBXFileReference section */
		2763F9AC1D11C5C800BEFAE8 /* questionaire_backgroundBSCI.png */ = {isa = PBXFileReference; lastKnownFileType = image.png; path = questionaire_backgroundBSCI.png; sourceTree = "<group>"; };
		2763F9AD1D11C5C800BEFAE8 /* questionaire_backgroundHAI.png */ = {isa = PBXFileReference; lastKnownFileType = image.png; path = questionaire_backgroundHAI.png; sourceTree = "<group>"; };
		2763F9AE1D11C5C800BEFAE8 /* questionaire_backgroundPhilips.png */ = {isa = PBXFileReference; lastKnownFileType = image.png; path = questionaire_backgroundPhilips.png; sourceTree = "<group>"; };
		2763F9B21D11CD2C00BEFAE8 /* PQSQuestionList.h */ = {isa = PBXFileReference; fileEncoding = 4; lastKnownFileType = sourcecode.c.h; path = PQSQuestionList.h; sourceTree = "<group>"; };
		2763F9B31D11CD2C00BEFAE8 /* PQSQuestionList.m */ = {isa = PBXFileReference; fileEncoding = 4; lastKnownFileType = sourcecode.c.objc; path = PQSQuestionList.m; sourceTree = "<group>"; };
		276B83921CCA3FF000B9989C /* Survey Template.app */ = {isa = PBXFileReference; explicitFileType = wrapper.application; includeInIndex = 0; path = "Survey Template.app"; sourceTree = BUILT_PRODUCTS_DIR; };
		276B83961CCA3FF000B9989C /* main.m */ = {isa = PBXFileReference; lastKnownFileType = sourcecode.c.objc; path = main.m; sourceTree = "<group>"; };
		276B83981CCA3FF000B9989C /* AppDelegate.h */ = {isa = PBXFileReference; lastKnownFileType = sourcecode.c.h; path = AppDelegate.h; sourceTree = "<group>"; };
		276B83991CCA3FF000B9989C /* AppDelegate.m */ = {isa = PBXFileReference; lastKnownFileType = sourcecode.c.objc; path = AppDelegate.m; sourceTree = "<group>"; };
		276B839F1CCA3FF000B9989C /* Base */ = {isa = PBXFileReference; lastKnownFileType = file.storyboard; name = Base; path = Base.lproj/Main.storyboard; sourceTree = "<group>"; };
		276B83A11CCA3FF000B9989C /* Assets.xcassets */ = {isa = PBXFileReference; lastKnownFileType = folder.assetcatalog; path = Assets.xcassets; sourceTree = "<group>"; };
		276B83A41CCA3FF000B9989C /* Base */ = {isa = PBXFileReference; lastKnownFileType = file.storyboard; name = Base; path = Base.lproj/LaunchScreen.storyboard; sourceTree = "<group>"; };
		276B83AB1CCA3FF000B9989C /* Survey TemplateTests.xctest */ = {isa = PBXFileReference; explicitFileType = wrapper.cfbundle; includeInIndex = 0; path = "Survey TemplateTests.xctest"; sourceTree = BUILT_PRODUCTS_DIR; };
		276B83AF1CCA3FF000B9989C /* Survey_TemplateTests.m */ = {isa = PBXFileReference; lastKnownFileType = sourcecode.c.objc; path = Survey_TemplateTests.m; sourceTree = "<group>"; };
		276B83B11CCA3FF000B9989C /* Info.plist */ = {isa = PBXFileReference; lastKnownFileType = text.plist.xml; path = Info.plist; sourceTree = "<group>"; };
		276B83B61CCA3FF000B9989C /* Survey TemplateUITests.xctest */ = {isa = PBXFileReference; explicitFileType = wrapper.cfbundle; includeInIndex = 0; path = "Survey TemplateUITests.xctest"; sourceTree = BUILT_PRODUCTS_DIR; };
		276B83BA1CCA3FF000B9989C /* Survey_TemplateUITests.m */ = {isa = PBXFileReference; lastKnownFileType = sourcecode.c.objc; path = Survey_TemplateUITests.m; sourceTree = "<group>"; };
		276B83BC1CCA3FF000B9989C /* Info.plist */ = {isa = PBXFileReference; lastKnownFileType = text.plist.xml; path = Info.plist; sourceTree = "<group>"; };
		276B83C91CCA400600B9989C /* APNumberButton.h */ = {isa = PBXFileReference; fileEncoding = 4; lastKnownFileType = sourcecode.c.h; path = APNumberButton.h; sourceTree = "<group>"; };
		276B83CA1CCA400600B9989C /* APNumberButton.m */ = {isa = PBXFileReference; fileEncoding = 4; lastKnownFileType = sourcecode.c.objc; path = APNumberButton.m; sourceTree = "<group>"; };
		276B83CB1CCA400600B9989C /* APNumberPad.h */ = {isa = PBXFileReference; fileEncoding = 4; lastKnownFileType = sourcecode.c.h; path = APNumberPad.h; sourceTree = "<group>"; };
		276B83CC1CCA400600B9989C /* APNumberPad.m */ = {isa = PBXFileReference; fileEncoding = 4; lastKnownFileType = sourcecode.c.objc; path = APNumberPad.m; sourceTree = "<group>"; };
		276B83CD1CCA400600B9989C /* APNumberPadDefaultStyle.h */ = {isa = PBXFileReference; fileEncoding = 4; lastKnownFileType = sourcecode.c.h; path = APNumberPadDefaultStyle.h; sourceTree = "<group>"; };
		276B83CE1CCA400600B9989C /* APNumberPadDefaultStyle.m */ = {isa = PBXFileReference; fileEncoding = 4; lastKnownFileType = sourcecode.c.objc; path = APNumberPadDefaultStyle.m; sourceTree = "<group>"; };
		276B83CF1CCA400600B9989C /* APNumberPadStyle.h */ = {isa = PBXFileReference; fileEncoding = 4; lastKnownFileType = sourcecode.c.h; path = APNumberPadStyle.h; sourceTree = "<group>"; };
		276B83D21CCA400600B9989C /* UIFont+AppFonts.h */ = {isa = PBXFileReference; fileEncoding = 4; lastKnownFileType = sourcecode.c.h; path = "UIFont+AppFonts.h"; sourceTree = "<group>"; };
		276B83D31CCA400600B9989C /* UIFont+AppFonts.m */ = {isa = PBXFileReference; fileEncoding = 4; lastKnownFileType = sourcecode.c.objc; path = "UIFont+AppFonts.m"; sourceTree = "<group>"; };
		276B83DA1CCA401200B9989C /* LICENCE.txt */ = {isa = PBXFileReference; fileEncoding = 4; lastKnownFileType = text; path = LICENCE.txt; sourceTree = "<group>"; };
		276B83DB1CCA401200B9989C /* Reachability.h */ = {isa = PBXFileReference; fileEncoding = 4; lastKnownFileType = sourcecode.c.h; path = Reachability.h; sourceTree = "<group>"; };
		276B83DC1CCA401200B9989C /* Reachability.m */ = {isa = PBXFileReference; fileEncoding = 4; lastKnownFileType = sourcecode.c.objc; path = Reachability.m; sourceTree = "<group>"; };
		276B83DD1CCA401200B9989C /* README.md */ = {isa = PBXFileReference; fileEncoding = 4; lastKnownFileType = net.daringfireball.markdown; path = README.md; sourceTree = "<group>"; };
		276B83E11CCA402F00B9989C /* UIColor+AppColors.h */ = {isa = PBXFileReference; fileEncoding = 4; lastKnownFileType = sourcecode.c.h; path = "UIColor+AppColors.h"; sourceTree = "<group>"; };
		276B83E21CCA402F00B9989C /* UIColor+AppColors.m */ = {isa = PBXFileReference; fileEncoding = 4; lastKnownFileType = sourcecode.c.objc; path = "UIColor+AppColors.m"; sourceTree = "<group>"; };
		276B83E31CCA402F00B9989C /* UIFont+AppFonts.h */ = {isa = PBXFileReference; fileEncoding = 4; lastKnownFileType = sourcecode.c.h; path = "UIFont+AppFonts.h"; sourceTree = "<group>"; };
		276B83E41CCA402F00B9989C /* UIFont+AppFonts.m */ = {isa = PBXFileReference; fileEncoding = 4; lastKnownFileType = sourcecode.c.objc; path = "UIFont+AppFonts.m"; sourceTree = "<group>"; };
		276B83E51CCA402F00B9989C /* UIFont+Custom.h */ = {isa = PBXFileReference; fileEncoding = 4; lastKnownFileType = sourcecode.c.h; path = "UIFont+Custom.h"; sourceTree = "<group>"; };
		276B83E61CCA402F00B9989C /* UIFont+Custom.m */ = {isa = PBXFileReference; fileEncoding = 4; lastKnownFileType = sourcecode.c.objc; path = "UIFont+Custom.m"; sourceTree = "<group>"; };
		276B83EA1CCA403F00B9989C /* apnumberpad_backspace_icon.png */ = {isa = PBXFileReference; lastKnownFileType = image.png; path = apnumberpad_backspace_icon.png; sourceTree = "<group>"; };
		276B83EB1CCA403F00B9989C /* apnumberpad_backspace_icon@2x.png */ = {isa = PBXFileReference; lastKnownFileType = image.png; path = "apnumberpad_backspace_icon@2x.png"; sourceTree = "<group>"; };
		276B83EE1CCA404800B9989C /* Background Image.png */ = {isa = PBXFileReference; lastKnownFileType = image.png; path = "Background Image.png"; sourceTree = "<group>"; };
		276B83F01CCA405400B9989C /* headerBackground.png */ = {isa = PBXFileReference; lastKnownFileType = image.png; path = headerBackground.png; sourceTree = "<group>"; };
		276B83F21CCA406900B9989C /* Info.plist */ = {isa = PBXFileReference; fileEncoding = 4; lastKnownFileType = text.plist.xml; path = Info.plist; sourceTree = "<group>"; };
		276B83F41CCA409200B9989C /* MultiSelectSegmentedControl.h */ = {isa = PBXFileReference; fileEncoding = 4; lastKnownFileType = sourcecode.c.h; path = MultiSelectSegmentedControl.h; sourceTree = "<group>"; };
		276B83F51CCA409200B9989C /* MultiSelectSegmentedControl.m */ = {isa = PBXFileReference; fileEncoding = 4; lastKnownFileType = sourcecode.c.objc; path = MultiSelectSegmentedControl.m; sourceTree = "<group>"; };
		276B83F61CCA409200B9989C /* NGAParallaxMotion.h */ = {isa = PBXFileReference; fileEncoding = 4; lastKnownFileType = sourcecode.c.h; path = NGAParallaxMotion.h; sourceTree = "<group>"; };
		276B83F71CCA409200B9989C /* NGAParallaxMotion.m */ = {isa = PBXFileReference; fileEncoding = 4; lastKnownFileType = sourcecode.c.objc; path = NGAParallaxMotion.m; sourceTree = "<group>"; };
		276B83F81CCA409200B9989C /* NSString+AppFunctions.h */ = {isa = PBXFileReference; fileEncoding = 4; lastKnownFileType = sourcecode.c.h; path = "NSString+AppFunctions.h"; sourceTree = "<group>"; };
		276B83F91CCA409200B9989C /* NSString+AppFunctions.m */ = {isa = PBXFileReference; fileEncoding = 4; lastKnownFileType = sourcecode.c.objc; path = "NSString+AppFunctions.m"; sourceTree = "<group>"; };
		276B84001CCA40C500B9989C /* ViewController.h */ = {isa = PBXFileReference; fileEncoding = 4; lastKnownFileType = sourcecode.c.h; path = ViewController.h; sourceTree = "<group>"; };
		276B84011CCA40C500B9989C /* ViewController.m */ = {isa = PBXFileReference; fileEncoding = 4; lastKnownFileType = sourcecode.c.objc; path = ViewController.m; sourceTree = "<group>"; };
		276B84031CCA40D400B9989C /* PQSAlertAction.h */ = {isa = PBXFileReference; fileEncoding = 4; lastKnownFileType = sourcecode.c.h; path = PQSAlertAction.h; sourceTree = "<group>"; };
		276B84041CCA40D400B9989C /* PQSAlertAction.m */ = {isa = PBXFileReference; fileEncoding = 4; lastKnownFileType = sourcecode.c.objc; path = PQSAlertAction.m; sourceTree = "<group>"; };
		276B84051CCA40D400B9989C /* PQSAnswerView.h */ = {isa = PBXFileReference; fileEncoding = 4; lastKnownFileType = sourcecode.c.h; path = PQSAnswerView.h; sourceTree = "<group>"; };
		276B84061CCA40D400B9989C /* PQSAnswerView.m */ = {isa = PBXFileReference; fileEncoding = 4; lastKnownFileType = sourcecode.c.objc; path = PQSAnswerView.m; sourceTree = "<group>"; };
		276B84071CCA40D400B9989C /* PQSLocalSubmitSuccessView.h */ = {isa = PBXFileReference; fileEncoding = 4; lastKnownFileType = sourcecode.c.h; path = PQSLocalSubmitSuccessView.h; sourceTree = "<group>"; };
		276B84081CCA40D400B9989C /* PQSLocalSubmitSuccessView.m */ = {isa = PBXFileReference; fileEncoding = 4; lastKnownFileType = sourcecode.c.objc; path = PQSLocalSubmitSuccessView.m; sourceTree = "<group>"; };
		276B84091CCA40D400B9989C /* PQSQuestion.h */ = {isa = PBXFileReference; fileEncoding = 4; lastKnownFileType = sourcecode.c.h; path = PQSQuestion.h; sourceTree = "<group>"; };
		276B840A1CCA40D400B9989C /* PQSQuestion.m */ = {isa = PBXFileReference; fileEncoding = 4; lastKnownFileType = sourcecode.c.objc; path = PQSQuestion.m; sourceTree = "<group>"; };
		276B840B1CCA40D400B9989C /* PQSQuestionView.h */ = {isa = PBXFileReference; fileEncoding = 4; lastKnownFileType = sourcecode.c.h; path = PQSQuestionView.h; sourceTree = "<group>"; };
		276B840C1CCA40D400B9989C /* PQSQuestionView.m */ = {isa = PBXFileReference; fileEncoding = 4; lastKnownFileType = sourcecode.c.objc; path = PQSQuestionView.m; sourceTree = "<group>"; };
		276B840D1CCA40D400B9989C /* PQSReferenceManager.h */ = {isa = PBXFileReference; fileEncoding = 4; lastKnownFileType = sourcecode.c.h; path = PQSReferenceManager.h; sourceTree = "<group>"; };
		276B840E1CCA40D400B9989C /* PQSReferenceManager.m */ = {isa = PBXFileReference; fileEncoding = 4; lastKnownFileType = sourcecode.c.objc; path = PQSReferenceManager.m; sourceTree = "<group>"; };
		276B840F1CCA40D400B9989C /* PQSRemoteSubmissionSuccessView.h */ = {isa = PBXFileReference; fileEncoding = 4; lastKnownFileType = sourcecode.c.h; path = PQSRemoteSubmissionSuccessView.h; sourceTree = "<group>"; };
		276B84101CCA40D400B9989C /* PQSRemoteSubmissionSuccessView.m */ = {isa = PBXFileReference; fileEncoding = 4; lastKnownFileType = sourcecode.c.objc; path = PQSRemoteSubmissionSuccessView.m; sourceTree = "<group>"; };
		276B84111CCA40D400B9989C /* PQSSegmentedControl.h */ = {isa = PBXFileReference; fileEncoding = 4; lastKnownFileType = sourcecode.c.h; path = PQSSegmentedControl.h; sourceTree = "<group>"; };
		276B84121CCA40D400B9989C /* PQSSegmentedControl.m */ = {isa = PBXFileReference; fileEncoding = 4; lastKnownFileType = sourcecode.c.objc; path = PQSSegmentedControl.m; sourceTree = "<group>"; };
		276B84131CCA40D400B9989C /* PQSTableViewCell.h */ = {isa = PBXFileReference; fileEncoding = 4; lastKnownFileType = sourcecode.c.h; path = PQSTableViewCell.h; sourceTree = "<group>"; };
		276B84141CCA40D400B9989C /* PQSTableViewCell.m */ = {isa = PBXFileReference; fileEncoding = 4; lastKnownFileType = sourcecode.c.objc; path = PQSTableViewCell.m; sourceTree = "<group>"; };
		276B84151CCA40D400B9989C /* PQSTextInputView.h */ = {isa = PBXFileReference; fileEncoding = 4; lastKnownFileType = sourcecode.c.h; path = PQSTextInputView.h; sourceTree = "<group>"; };
		276B84161CCA40D400B9989C /* PQSTextInputView.m */ = {isa = PBXFileReference; fileEncoding = 4; lastKnownFileType = sourcecode.c.objc; path = PQSTextInputView.m; sourceTree = "<group>"; };
		276B84211CCA410400B9989C /* Default-568h@2x.png */ = {isa = PBXFileReference; lastKnownFileType = image.png; path = "Default-568h@2x.png"; sourceTree = "<group>"; };
/* End PBXFileReference section */

/* Begin PBXFrameworksBuildPhase section */
		276B838F1CCA3FF000B9989C /* Frameworks */ = {
			isa = PBXFrameworksBuildPhase;
			buildActionMask = 2147483647;
			files = (
			);
			runOnlyForDeploymentPostprocessing = 0;
		};
		276B83A81CCA3FF000B9989C /* Frameworks */ = {
			isa = PBXFrameworksBuildPhase;
			buildActionMask = 2147483647;
			files = (
			);
			runOnlyForDeploymentPostprocessing = 0;
		};
		276B83B31CCA3FF000B9989C /* Frameworks */ = {
			isa = PBXFrameworksBuildPhase;
			buildActionMask = 2147483647;
			files = (
			);
			runOnlyForDeploymentPostprocessing = 0;
		};
/* End PBXFrameworksBuildPhase section */

/* Begin PBXGroup section */
		276B83891CCA3FF000B9989C = {
			isa = PBXGroup;
			children = (
				276B84211CCA410400B9989C /* Default-568h@2x.png */,
				276B83941CCA3FF000B9989C /* Survey Template */,
				276B83AE1CCA3FF000B9989C /* Survey TemplateTests */,
				276B83B91CCA3FF000B9989C /* Survey TemplateUITests */,
				276B83931CCA3FF000B9989C /* Products */,
			);
			sourceTree = "<group>";
		};
		276B83931CCA3FF000B9989C /* Products */ = {
			isa = PBXGroup;
			children = (
				276B83921CCA3FF000B9989C /* Survey Template.app */,
				276B83AB1CCA3FF000B9989C /* Survey TemplateTests.xctest */,
				276B83B61CCA3FF000B9989C /* Survey TemplateUITests.xctest */,
			);
			name = Products;
			sourceTree = "<group>";
		};
		276B83941CCA3FF000B9989C /* Survey Template */ = {
			isa = PBXGroup;
			children = (
				276B83981CCA3FF000B9989C /* AppDelegate.h */,
				276B83991CCA3FF000B9989C /* AppDelegate.m */,
				2763F9B21D11CD2C00BEFAE8 /* PQSQuestionList.h */,
				2763F9B31D11CD2C00BEFAE8 /* PQSQuestionList.m */,
				276B84001CCA40C500B9989C /* ViewController.h */,
				276B84011CCA40C500B9989C /* ViewController.m */,
				276B84031CCA40D400B9989C /* PQSAlertAction.h */,
				276B84041CCA40D400B9989C /* PQSAlertAction.m */,
				276B84051CCA40D400B9989C /* PQSAnswerView.h */,
				276B84061CCA40D400B9989C /* PQSAnswerView.m */,
				276B84071CCA40D400B9989C /* PQSLocalSubmitSuccessView.h */,
				276B84081CCA40D400B9989C /* PQSLocalSubmitSuccessView.m */,
				276B84091CCA40D400B9989C /* PQSQuestion.h */,
				276B840A1CCA40D400B9989C /* PQSQuestion.m */,
				276B840B1CCA40D400B9989C /* PQSQuestionView.h */,
				276B840C1CCA40D400B9989C /* PQSQuestionView.m */,
				276B840D1CCA40D400B9989C /* PQSReferenceManager.h */,
				276B840E1CCA40D400B9989C /* PQSReferenceManager.m */,
				276B840F1CCA40D400B9989C /* PQSRemoteSubmissionSuccessView.h */,
				276B84101CCA40D400B9989C /* PQSRemoteSubmissionSuccessView.m */,
				276B84111CCA40D400B9989C /* PQSSegmentedControl.h */,
				276B84121CCA40D400B9989C /* PQSSegmentedControl.m */,
				276B84131CCA40D400B9989C /* PQSTableViewCell.h */,
				276B84141CCA40D400B9989C /* PQSTableViewCell.m */,
				276B84151CCA40D400B9989C /* PQSTextInputView.h */,
				276B84161CCA40D400B9989C /* PQSTextInputView.m */,
				276B839E1CCA3FF000B9989C /* Main.storyboard */,
				276B83A11CCA3FF000B9989C /* Assets.xcassets */,
				276B83A31CCA3FF000B9989C /* LaunchScreen.storyboard */,
				276B83F21CCA406900B9989C /* Info.plist */,
				276B83951CCA3FF000B9989C /* Supporting Files */,
			);
			path = "Survey Template";
			sourceTree = "<group>";
		};
		276B83951CCA3FF000B9989C /* Supporting Files */ = {
			isa = PBXGroup;
			children = (
				276B83FF1CCA40A400B9989C /* Images */,
				276B83E11CCA402F00B9989C /* UIColor+AppColors.h */,
				276B83E21CCA402F00B9989C /* UIColor+AppColors.m */,
				276B83E31CCA402F00B9989C /* UIFont+AppFonts.h */,
				276B83E41CCA402F00B9989C /* UIFont+AppFonts.m */,
				276B83E51CCA402F00B9989C /* UIFont+Custom.h */,
				276B83E61CCA402F00B9989C /* UIFont+Custom.m */,
				276B83F41CCA409200B9989C /* MultiSelectSegmentedControl.h */,
				276B83F51CCA409200B9989C /* MultiSelectSegmentedControl.m */,
				276B83F61CCA409200B9989C /* NGAParallaxMotion.h */,
				276B83F71CCA409200B9989C /* NGAParallaxMotion.m */,
				276B83F81CCA409200B9989C /* NSString+AppFunctions.h */,
				276B83F91CCA409200B9989C /* NSString+AppFunctions.m */,
				276B83C81CCA400600B9989C /* APNumberPad */,
				276B83D91CCA401200B9989C /* Reachability */,
				276B83961CCA3FF000B9989C /* main.m */,
			);
			name = "Supporting Files";
			sourceTree = "<group>";
		};
		276B83AE1CCA3FF000B9989C /* Survey TemplateTests */ = {
			isa = PBXGroup;
			children = (
				276B83AF1CCA3FF000B9989C /* Survey_TemplateTests.m */,
				276B83B11CCA3FF000B9989C /* Info.plist */,
			);
			path = "Survey TemplateTests";
			sourceTree = "<group>";
		};
		276B83B91CCA3FF000B9989C /* Survey TemplateUITests */ = {
			isa = PBXGroup;
			children = (
				276B83BA1CCA3FF000B9989C /* Survey_TemplateUITests.m */,
				276B83BC1CCA3FF000B9989C /* Info.plist */,
			);
			path = "Survey TemplateUITests";
			sourceTree = "<group>";
		};
		276B83C81CCA400600B9989C /* APNumberPad */ = {
			isa = PBXGroup;
			children = (
				276B83EA1CCA403F00B9989C /* apnumberpad_backspace_icon.png */,
				276B83EB1CCA403F00B9989C /* apnumberpad_backspace_icon@2x.png */,
				276B83C91CCA400600B9989C /* APNumberButton.h */,
				276B83CA1CCA400600B9989C /* APNumberButton.m */,
				276B83CB1CCA400600B9989C /* APNumberPad.h */,
				276B83CC1CCA400600B9989C /* APNumberPad.m */,
				276B83CD1CCA400600B9989C /* APNumberPadDefaultStyle.h */,
				276B83CE1CCA400600B9989C /* APNumberPadDefaultStyle.m */,
				276B83CF1CCA400600B9989C /* APNumberPadStyle.h */,
				276B83D21CCA400600B9989C /* UIFont+AppFonts.h */,
				276B83D31CCA400600B9989C /* UIFont+AppFonts.m */,
			);
			path = APNumberPad;
			sourceTree = "<group>";
		};
		276B83D91CCA401200B9989C /* Reachability */ = {
			isa = PBXGroup;
			children = (
				276B83DA1CCA401200B9989C /* LICENCE.txt */,
				276B83DB1CCA401200B9989C /* Reachability.h */,
				276B83DC1CCA401200B9989C /* Reachability.m */,
				276B83DD1CCA401200B9989C /* README.md */,
			);
			name = Reachability;
			path = APNumberPad/Reachability;
			sourceTree = "<group>";
		};
		276B83FF1CCA40A400B9989C /* Images */ = {
			isa = PBXGroup;
			children = (
				276B83EE1CCA404800B9989C /* Background Image.png */,
				276B83F01CCA405400B9989C /* headerBackground.png */,
				2763F9AC1D11C5C800BEFAE8 /* questionaire_backgroundBSCI.png */,
				2763F9AD1D11C5C800BEFAE8 /* questionaire_backgroundHAI.png */,
				2763F9AE1D11C5C800BEFAE8 /* questionaire_backgroundPhilips.png */,
			);
			name = Images;
			sourceTree = "<group>";
		};
/* End PBXGroup section */

/* Begin PBXNativeTarget section */
		276B83911CCA3FF000B9989C /* Survey Template */ = {
			isa = PBXNativeTarget;
			buildConfigurationList = 276B83BF1CCA3FF000B9989C /* Build configuration list for PBXNativeTarget "Survey Template" */;
			buildPhases = (
				276B838E1CCA3FF000B9989C /* Sources */,
				276B838F1CCA3FF000B9989C /* Frameworks */,
				276B83901CCA3FF000B9989C /* Resources */,
			);
			buildRules = (
			);
			dependencies = (
			);
			name = "Survey Template";
			productName = "Survey Template";
			productReference = 276B83921CCA3FF000B9989C /* Survey Template.app */;
			productType = "com.apple.product-type.application";
		};
		276B83AA1CCA3FF000B9989C /* Survey TemplateTests */ = {
			isa = PBXNativeTarget;
			buildConfigurationList = 276B83C21CCA3FF000B9989C /* Build configuration list for PBXNativeTarget "Survey TemplateTests" */;
			buildPhases = (
				276B83A71CCA3FF000B9989C /* Sources */,
				276B83A81CCA3FF000B9989C /* Frameworks */,
				276B83A91CCA3FF000B9989C /* Resources */,
			);
			buildRules = (
			);
			dependencies = (
				276B83AD1CCA3FF000B9989C /* PBXTargetDependency */,
			);
			name = "Survey TemplateTests";
			productName = "Survey TemplateTests";
			productReference = 276B83AB1CCA3FF000B9989C /* Survey TemplateTests.xctest */;
			productType = "com.apple.product-type.bundle.unit-test";
		};
		276B83B51CCA3FF000B9989C /* Survey TemplateUITests */ = {
			isa = PBXNativeTarget;
			buildConfigurationList = 276B83C51CCA3FF000B9989C /* Build configuration list for PBXNativeTarget "Survey TemplateUITests" */;
			buildPhases = (
				276B83B21CCA3FF000B9989C /* Sources */,
				276B83B31CCA3FF000B9989C /* Frameworks */,
				276B83B41CCA3FF000B9989C /* Resources */,
			);
			buildRules = (
			);
			dependencies = (
				276B83B81CCA3FF000B9989C /* PBXTargetDependency */,
			);
			name = "Survey TemplateUITests";
			productName = "Survey TemplateUITests";
			productReference = 276B83B61CCA3FF000B9989C /* Survey TemplateUITests.xctest */;
			productType = "com.apple.product-type.bundle.ui-testing";
		};
/* End PBXNativeTarget section */

/* Begin PBXProject section */
		276B838A1CCA3FF000B9989C /* Project object */ = {
			isa = PBXProject;
			attributes = {
				LastUpgradeCheck = 0730;
				ORGANIZATIONNAME = "Nathan Fennel";
				TargetAttributes = {
					276B83911CCA3FF000B9989C = {
						CreatedOnToolsVersion = 7.3;
						DevelopmentTeam = EJLR2RPSV2;
						DevelopmentTeamName = "Nathan Fennel";
					};
					276B83AA1CCA3FF000B9989C = {
						CreatedOnToolsVersion = 7.3;
						TestTargetID = 276B83911CCA3FF000B9989C;
					};
					276B83B51CCA3FF000B9989C = {
						CreatedOnToolsVersion = 7.3;
						TestTargetID = 276B83911CCA3FF000B9989C;
					};
				};
			};
			buildConfigurationList = 276B838D1CCA3FF000B9989C /* Build configuration list for PBXProject "Survey Template" */;
			compatibilityVersion = "Xcode 3.2";
			developmentRegion = English;
			hasScannedForEncodings = 0;
			knownRegions = (
				en,
				Base,
			);
			mainGroup = 276B83891CCA3FF000B9989C;
			productRefGroup = 276B83931CCA3FF000B9989C /* Products */;
			projectDirPath = "";
			projectRoot = "";
			targets = (
				276B83911CCA3FF000B9989C /* Survey Template */,
				276B83AA1CCA3FF000B9989C /* Survey TemplateTests */,
				276B83B51CCA3FF000B9989C /* Survey TemplateUITests */,
			);
		};
/* End PBXProject section */

/* Begin PBXResourcesBuildPhase section */
		276B83901CCA3FF000B9989C /* Resources */ = {
			isa = PBXResourcesBuildPhase;
			buildActionMask = 2147483647;
			files = (
				276B83F11CCA405400B9989C /* headerBackground.png in Resources */,
				276B84221CCA410400B9989C /* Default-568h@2x.png in Resources */,
				2763F9B01D11C5C800BEFAE8 /* questionaire_backgroundHAI.png in Resources */,
				276B83DE1CCA401200B9989C /* LICENCE.txt in Resources */,
				276B83F31CCA406900B9989C /* Info.plist in Resources */,
				276B83A51CCA3FF000B9989C /* LaunchScreen.storyboard in Resources */,
				2763F9B11D11C5C800BEFAE8 /* questionaire_backgroundPhilips.png in Resources */,
				276B83A21CCA3FF000B9989C /* Assets.xcassets in Resources */,
				2763F9AF1D11C5C800BEFAE8 /* questionaire_backgroundBSCI.png in Resources */,
				276B83A01CCA3FF000B9989C /* Main.storyboard in Resources */,
				276B83EC1CCA403F00B9989C /* apnumberpad_backspace_icon.png in Resources */,
				276B83EF1CCA404800B9989C /* Background Image.png in Resources */,
				276B83ED1CCA403F00B9989C /* apnumberpad_backspace_icon@2x.png in Resources */,
			);
			runOnlyForDeploymentPostprocessing = 0;
		};
		276B83A91CCA3FF000B9989C /* Resources */ = {
			isa = PBXResourcesBuildPhase;
			buildActionMask = 2147483647;
			files = (
			);
			runOnlyForDeploymentPostprocessing = 0;
		};
		276B83B41CCA3FF000B9989C /* Resources */ = {
			isa = PBXResourcesBuildPhase;
			buildActionMask = 2147483647;
			files = (
			);
			runOnlyForDeploymentPostprocessing = 0;
		};
/* End PBXResourcesBuildPhase section */

/* Begin PBXSourcesBuildPhase section */
		276B838E1CCA3FF000B9989C /* Sources */ = {
			isa = PBXSourcesBuildPhase;
			buildActionMask = 2147483647;
			files = (
				276B841C1CCA40D400B9989C /* PQSReferenceManager.m in Sources */,
				276B83D41CCA400600B9989C /* APNumberButton.m in Sources */,
				2763F9B41D11CD2C00BEFAE8 /* PQSQuestionList.m in Sources */,
				276B84181CCA40D400B9989C /* PQSAnswerView.m in Sources */,
				276B83E01CCA401200B9989C /* README.md in Sources */,
				276B83D51CCA400600B9989C /* APNumberPad.m in Sources */,
				276B839A1CCA3FF000B9989C /* AppDelegate.m in Sources */,
				276B83971CCA3FF000B9989C /* main.m in Sources */,
				276B83E81CCA402F00B9989C /* UIFont+AppFonts.m in Sources */,
				276B841E1CCA40D400B9989C /* PQSSegmentedControl.m in Sources */,
				276B83FA1CCA409200B9989C /* MultiSelectSegmentedControl.m in Sources */,
				276B841B1CCA40D400B9989C /* PQSQuestionView.m in Sources */,
				276B83D61CCA400600B9989C /* APNumberPadDefaultStyle.m in Sources */,
				276B83FB1CCA409200B9989C /* NGAParallaxMotion.m in Sources */,
				276B84021CCA40C500B9989C /* ViewController.m in Sources */,
				276B83E71CCA402F00B9989C /* UIColor+AppColors.m in Sources */,
				276B83E91CCA402F00B9989C /* UIFont+Custom.m in Sources */,
				276B841F1CCA40D400B9989C /* PQSTableViewCell.m in Sources */,
				276B84191CCA40D400B9989C /* PQSLocalSubmitSuccessView.m in Sources */,
				276B84171CCA40D400B9989C /* PQSAlertAction.m in Sources */,
				276B841D1CCA40D400B9989C /* PQSRemoteSubmissionSuccessView.m in Sources */,
				276B841A1CCA40D400B9989C /* PQSQuestion.m in Sources */,
				276B83DF1CCA401200B9989C /* Reachability.m in Sources */,
				276B83D81CCA400600B9989C /* UIFont+AppFonts.m in Sources */,
				276B83FC1CCA409200B9989C /* NSString+AppFunctions.m in Sources */,
				276B84201CCA40D400B9989C /* PQSTextInputView.m in Sources */,
			);
			runOnlyForDeploymentPostprocessing = 0;
		};
		276B83A71CCA3FF000B9989C /* Sources */ = {
			isa = PBXSourcesBuildPhase;
			buildActionMask = 2147483647;
			files = (
				276B83B01CCA3FF000B9989C /* Survey_TemplateTests.m in Sources */,
			);
			runOnlyForDeploymentPostprocessing = 0;
		};
		276B83B21CCA3FF000B9989C /* Sources */ = {
			isa = PBXSourcesBuildPhase;
			buildActionMask = 2147483647;
			files = (
				276B83BB1CCA3FF000B9989C /* Survey_TemplateUITests.m in Sources */,
			);
			runOnlyForDeploymentPostprocessing = 0;
		};
/* End PBXSourcesBuildPhase section */

/* Begin PBXTargetDependency section */
		276B83AD1CCA3FF000B9989C /* PBXTargetDependency */ = {
			isa = PBXTargetDependency;
			target = 276B83911CCA3FF000B9989C /* Survey Template */;
			targetProxy = 276B83AC1CCA3FF000B9989C /* PBXContainerItemProxy */;
		};
		276B83B81CCA3FF000B9989C /* PBXTargetDependency */ = {
			isa = PBXTargetDependency;
			target = 276B83911CCA3FF000B9989C /* Survey Template */;
			targetProxy = 276B83B71CCA3FF000B9989C /* PBXContainerItemProxy */;
		};
/* End PBXTargetDependency section */

/* Begin PBXVariantGroup section */
		276B839E1CCA3FF000B9989C /* Main.storyboard */ = {
			isa = PBXVariantGroup;
			children = (
				276B839F1CCA3FF000B9989C /* Base */,
			);
			name = Main.storyboard;
			sourceTree = "<group>";
		};
		276B83A31CCA3FF000B9989C /* LaunchScreen.storyboard */ = {
			isa = PBXVariantGroup;
			children = (
				276B83A41CCA3FF000B9989C /* Base */,
			);
			name = LaunchScreen.storyboard;
			sourceTree = "<group>";
		};
/* End PBXVariantGroup section */

/* Begin XCBuildConfiguration section */
		276B83BD1CCA3FF000B9989C /* Debug */ = {
			isa = XCBuildConfiguration;
			buildSettings = {
				ALWAYS_SEARCH_USER_PATHS = NO;
				CLANG_ANALYZER_NONNULL = YES;
				CLANG_CXX_LANGUAGE_STANDARD = "gnu++0x";
				CLANG_CXX_LIBRARY = "libc++";
				CLANG_ENABLE_MODULES = YES;
				CLANG_ENABLE_OBJC_ARC = YES;
				CLANG_WARN_BOOL_CONVERSION = YES;
				CLANG_WARN_CONSTANT_CONVERSION = YES;
				CLANG_WARN_DIRECT_OBJC_ISA_USAGE = YES_ERROR;
				CLANG_WARN_EMPTY_BODY = YES;
				CLANG_WARN_ENUM_CONVERSION = YES;
				CLANG_WARN_INT_CONVERSION = YES;
				CLANG_WARN_OBJC_ROOT_CLASS = YES_ERROR;
				CLANG_WARN_UNREACHABLE_CODE = YES;
				CLANG_WARN__DUPLICATE_METHOD_MATCH = YES;
				"CODE_SIGN_IDENTITY[sdk=iphoneos*]" = "iPhone Developer";
				COPY_PHASE_STRIP = NO;
				DEBUG_INFORMATION_FORMAT = dwarf;
				ENABLE_STRICT_OBJC_MSGSEND = YES;
				ENABLE_TESTABILITY = YES;
				GCC_C_LANGUAGE_STANDARD = gnu99;
				GCC_DYNAMIC_NO_PIC = NO;
				GCC_NO_COMMON_BLOCKS = YES;
				GCC_OPTIMIZATION_LEVEL = 0;
				GCC_PREPROCESSOR_DEFINITIONS = (
					"DEBUG=1",
					"$(inherited)",
				);
				GCC_WARN_64_TO_32_BIT_CONVERSION = YES;
				GCC_WARN_ABOUT_RETURN_TYPE = YES_ERROR;
				GCC_WARN_UNDECLARED_SELECTOR = YES;
				GCC_WARN_UNINITIALIZED_AUTOS = YES_AGGRESSIVE;
				GCC_WARN_UNUSED_FUNCTION = YES;
				GCC_WARN_UNUSED_VARIABLE = YES;
				IPHONEOS_DEPLOYMENT_TARGET = 9.3;
				MTL_ENABLE_DEBUG_INFO = YES;
				ONLY_ACTIVE_ARCH = YES;
				SDKROOT = iphoneos;
				TARGETED_DEVICE_FAMILY = "1,2";
			};
			name = Debug;
		};
		276B83BE1CCA3FF000B9989C /* Release */ = {
			isa = XCBuildConfiguration;
			buildSettings = {
				ALWAYS_SEARCH_USER_PATHS = NO;
				CLANG_ANALYZER_NONNULL = YES;
				CLANG_CXX_LANGUAGE_STANDARD = "gnu++0x";
				CLANG_CXX_LIBRARY = "libc++";
				CLANG_ENABLE_MODULES = YES;
				CLANG_ENABLE_OBJC_ARC = YES;
				CLANG_WARN_BOOL_CONVERSION = YES;
				CLANG_WARN_CONSTANT_CONVERSION = YES;
				CLANG_WARN_DIRECT_OBJC_ISA_USAGE = YES_ERROR;
				CLANG_WARN_EMPTY_BODY = YES;
				CLANG_WARN_ENUM_CONVERSION = YES;
				CLANG_WARN_INT_CONVERSION = YES;
				CLANG_WARN_OBJC_ROOT_CLASS = YES_ERROR;
				CLANG_WARN_UNREACHABLE_CODE = YES;
				CLANG_WARN__DUPLICATE_METHOD_MATCH = YES;
				"CODE_SIGN_IDENTITY[sdk=iphoneos*]" = "iPhone Developer";
				COPY_PHASE_STRIP = NO;
				DEBUG_INFORMATION_FORMAT = "dwarf-with-dsym";
				ENABLE_NS_ASSERTIONS = NO;
				ENABLE_STRICT_OBJC_MSGSEND = YES;
				GCC_C_LANGUAGE_STANDARD = gnu99;
				GCC_NO_COMMON_BLOCKS = YES;
				GCC_WARN_64_TO_32_BIT_CONVERSION = YES;
				GCC_WARN_ABOUT_RETURN_TYPE = YES_ERROR;
				GCC_WARN_UNDECLARED_SELECTOR = YES;
				GCC_WARN_UNINITIALIZED_AUTOS = YES_AGGRESSIVE;
				GCC_WARN_UNUSED_FUNCTION = YES;
				GCC_WARN_UNUSED_VARIABLE = YES;
				IPHONEOS_DEPLOYMENT_TARGET = 9.3;
				MTL_ENABLE_DEBUG_INFO = NO;
				SDKROOT = iphoneos;
				TARGETED_DEVICE_FAMILY = "1,2";
				VALIDATE_PRODUCT = YES;
			};
			name = Release;
		};
		276B83C01CCA3FF000B9989C /* Debug */ = {
			isa = XCBuildConfiguration;
			buildSettings = {
				ASSETCATALOG_COMPILER_APPICON_NAME = AppIcon;
				INFOPLIST_FILE = "Survey Template/Info.plist";
				IPHONEOS_DEPLOYMENT_TARGET = 8.1;
				LD_RUNPATH_SEARCH_PATHS = "$(inherited) @executable_path/Frameworks";
				PRODUCT_BUNDLE_IDENTIFIER = "com.nathanfennel.Survey-Template";
				PRODUCT_NAME = "$(TARGET_NAME)";
			};
			name = Debug;
		};
		276B83C11CCA3FF000B9989C /* Release */ = {
			isa = XCBuildConfiguration;
			buildSettings = {
				ASSETCATALOG_COMPILER_APPICON_NAME = AppIcon;
				INFOPLIST_FILE = "Survey Template/Info.plist";
				IPHONEOS_DEPLOYMENT_TARGET = 8.1;
				LD_RUNPATH_SEARCH_PATHS = "$(inherited) @executable_path/Frameworks";
				PRODUCT_BUNDLE_IDENTIFIER = "com.nathanfennel.Survey-Template";
				PRODUCT_NAME = "$(TARGET_NAME)";
			};
			name = Release;
		};
		276B83C31CCA3FF000B9989C /* Debug */ = {
			isa = XCBuildConfiguration;
			buildSettings = {
				BUNDLE_LOADER = "$(TEST_HOST)";
				INFOPLIST_FILE = "Survey TemplateTests/Info.plist";
				LD_RUNPATH_SEARCH_PATHS = "$(inherited) @executable_path/Frameworks @loader_path/Frameworks";
				PRODUCT_BUNDLE_IDENTIFIER = "com.nathanfennel.Survey-TemplateTests";
				PRODUCT_NAME = "$(TARGET_NAME)";
				TEST_HOST = "$(BUILT_PRODUCTS_DIR)/Survey Template.app/Survey Template";
			};
			name = Debug;
		};
		276B83C41CCA3FF000B9989C /* Release */ = {
			isa = XCBuildConfiguration;
			buildSettings = {
				BUNDLE_LOADER = "$(TEST_HOST)";
				INFOPLIST_FILE = "Survey TemplateTests/Info.plist";
				LD_RUNPATH_SEARCH_PATHS = "$(inherited) @executable_path/Frameworks @loader_path/Frameworks";
				PRODUCT_BUNDLE_IDENTIFIER = "com.nathanfennel.Survey-TemplateTests";
				PRODUCT_NAME = "$(TARGET_NAME)";
				TEST_HOST = "$(BUILT_PRODUCTS_DIR)/Survey Template.app/Survey Template";
			};
			name = Release;
		};
		276B83C61CCA3FF000B9989C /* Debug */ = {
			isa = XCBuildConfiguration;
			buildSettings = {
				INFOPLIST_FILE = "Survey TemplateUITests/Info.plist";
				LD_RUNPATH_SEARCH_PATHS = "$(inherited) @executable_path/Frameworks @loader_path/Frameworks";
				PRODUCT_BUNDLE_IDENTIFIER = "com.nathanfennel.Survey-TemplateUITests";
				PRODUCT_NAME = "$(TARGET_NAME)";
				TEST_TARGET_NAME = "Survey Template";
			};
			name = Debug;
		};
		276B83C71CCA3FF000B9989C /* Release */ = {
			isa = XCBuildConfiguration;
			buildSettings = {
				INFOPLIST_FILE = "Survey TemplateUITests/Info.plist";
				LD_RUNPATH_SEARCH_PATHS = "$(inherited) @executable_path/Frameworks @loader_path/Frameworks";
				PRODUCT_BUNDLE_IDENTIFIER = "com.nathanfennel.Survey-TemplateUITests";
				PRODUCT_NAME = "$(TARGET_NAME)";
				TEST_TARGET_NAME = "Survey Template";
			};
			name = Release;
		};
/* End XCBuildConfiguration section */

/* Begin XCConfigurationList section */
		276B838D1CCA3FF000B9989C /* Build configuration list for PBXProject "Survey Template" */ = {
			isa = XCConfigurationList;
			buildConfigurations = (
				276B83BD1CCA3FF000B9989C /* Debug */,
				276B83BE1CCA3FF000B9989C /* Release */,
			);
			defaultConfigurationIsVisible = 0;
			defaultConfigurationName = Release;
		};
		276B83BF1CCA3FF000B9989C /* Build configuration list for PBXNativeTarget "Survey Template" */ = {
			isa = XCConfigurationList;
			buildConfigurations = (
				276B83C01CCA3FF000B9989C /* Debug */,
				276B83C11CCA3FF000B9989C /* Release */,
			);
			defaultConfigurationIsVisible = 0;
			defaultConfigurationName = Release;
		};
		276B83C21CCA3FF000B9989C /* Build configuration list for PBXNativeTarget "Survey TemplateTests" */ = {
			isa = XCConfigurationList;
			buildConfigurations = (
				276B83C31CCA3FF000B9989C /* Debug */,
				276B83C41CCA3FF000B9989C /* Release */,
			);
			defaultConfigurationIsVisible = 0;
			defaultConfigurationName = Release;
		};
		276B83C51CCA3FF000B9989C /* Build configuration list for PBXNativeTarget "Survey TemplateUITests" */ = {
			isa = XCConfigurationList;
			buildConfigurations = (
				276B83C61CCA3FF000B9989C /* Debug */,
				276B83C71CCA3FF000B9989C /* Release */,
			);
			defaultConfigurationIsVisible = 0;
			defaultConfigurationName = Release;
		};
/* End XCConfigurationList section */
	};
	rootObject = 276B838A1CCA3FF000B9989C /* Project object */;
}
